
Microsoft Visual Studio Solution File, Format Version 12.00
# Visual Studio Version 17
VisualStudioVersion = 17.9.34701.34
MinimumVisualStudioVersion = 10.0.40219.1
Project("{FAE04EC0-301F-11D3-BF4B-00C04F79EFBC}") = "SB2_FileParser", "SB2_FileParser.csproj", "{1E23E910-3CDF-4CDE-B525-620FBB7EE448}"
EndProject
Global
	GlobalSection(SolutionConfigurationPlatforms) = preSolution
		Debug|Any CPU = Debug|Any CPU
		Release|Any CPU = Release|Any CPU
	EndGlobalSection
	GlobalSection(ProjectConfigurationPlatforms) = postSolution
		{1E23E910-3CDF-4CDE-B525-620FBB7EE448}.Debug|Any CPU.ActiveCfg = Debug|Any CPU
		{1E23E910-3CDF-4CDE-B525-620FBB7EE448}.Debug|Any CPU.Build.0 = Debug|Any CPU
		{1E23E910-3CDF-4CDE-B525-620FBB7EE448}.Release|Any CPU.ActiveCfg = Release|Any CPU
		{1E23E910-3CDF-4CDE-B525-620FBB7EE448}.Release|Any CPU.Build.0 = Release|Any CPU
	EndGlobalSection
	GlobalSection(SolutionProperties) = preSolution
		HideSolutionNode = FALSE
	EndGlobalSection
	GlobalSection(ExtensibilityGlobals) = postSolution
		SolutionGuid = {9F3E8EC5-5CCE-4D97-9753-F8CCF49EA98D}
	EndGlobalSection
EndGlobal
